// !$*UTF8*$!
{
	archiveVersion = 1;
	classes = {
	};
	objectVersion = 46;
	objects = {

/* Begin PBXBuildFile section */
		678048281A312954001E4DC7 /* main.m in Sources */ = {isa = PBXBuildFile; fileRef = 678048271A312954001E4DC7 /* main.m */; };
		6780482B1A312954001E4DC7 /* AppDelegate.m in Sources */ = {isa = PBXBuildFile; fileRef = 6780482A1A312954001E4DC7 /* AppDelegate.m */; };
		678048331A312954001E4DC7 /* Images.xcassets in Resources */ = {isa = PBXBuildFile; fileRef = 678048321A312954001E4DC7 /* Images.xcassets */; };
		678048361A312954001E4DC7 /* LaunchScreen.xib in Resources */ = {isa = PBXBuildFile; fileRef = 678048341A312954001E4DC7 /* LaunchScreen.xib */; };
		678048421A312954001E4DC7 /* MessagingKitTests.m in Sources */ = {isa = PBXBuildFile; fileRef = 678048411A312954001E4DC7 /* MessagingKitTests.m */; };
		678049431A313106001E4DC7 /* Message.m in Sources */ = {isa = PBXBuildFile; fileRef = 678049031A313106001E4DC7 /* Message.m */; };
		678049441A313106001E4DC7 /* ViewController.m in Sources */ = {isa = PBXBuildFile; fileRef = 678049051A313106001E4DC7 /* ViewController.m */; };
		678049451A313106001E4DC7 /* NSAttributedString+Messaging.m in Sources */ = {isa = PBXBuildFile; fileRef = 678049091A313106001E4DC7 /* NSAttributedString+Messaging.m */; };
		678049461A313106001E4DC7 /* UIColor+Messaging.m in Sources */ = {isa = PBXBuildFile; fileRef = 6780490B1A313106001E4DC7 /* UIColor+Messaging.m */; };
		678049471A313106001E4DC7 /* UIImage+Messaging.m in Sources */ = {isa = PBXBuildFile; fileRef = 6780490D1A313106001E4DC7 /* UIImage+Messaging.m */; };
		678049481A313106001E4DC7 /* InteractiveKeyboardController.m in Sources */ = {isa = PBXBuildFile; fileRef = 678049101A313106001E4DC7 /* InteractiveKeyboardController.m */; };
		678049491A313106001E4DC7 /* MessageBubbleController.m in Sources */ = {isa = PBXBuildFile; fileRef = 678049121A313106001E4DC7 /* MessageBubbleController.m */; };
		6780494A1A313106001E4DC7 /* MessagingViewController.m in Sources */ = {isa = PBXBuildFile; fileRef = 678049141A313106001E4DC7 /* MessagingViewController.m */; };
		6780494B1A313106001E4DC7 /* SystemSoundPlayer.m in Sources */ = {isa = PBXBuildFile; fileRef = 678049161A313106001E4DC7 /* SystemSoundPlayer.m */; };
		6780494C1A313106001E4DC7 /* MessageBubbleFactory.m in Sources */ = {isa = PBXBuildFile; fileRef = 678049191A313106001E4DC7 /* MessageBubbleFactory.m */; };
		6780494D1A313106001E4DC7 /* MessagingTimestampFormatter.m in Sources */ = {isa = PBXBuildFile; fileRef = 6780491B1A313106001E4DC7 /* MessagingTimestampFormatter.m */; };
		6780494E1A313106001E4DC7 /* MessagingCollectionViewFlowLayout.m in Sources */ = {isa = PBXBuildFile; fileRef = 6780491E1A313106001E4DC7 /* MessagingCollectionViewFlowLayout.m */; };
		6780494F1A313106001E4DC7 /* MessagingCollectionViewFlowLayoutInvalidationContext.m in Sources */ = {isa = PBXBuildFile; fileRef = 678049201A313106001E4DC7 /* MessagingCollectionViewFlowLayoutInvalidationContext.m */; };
		678049501A313106001E4DC7 /* MessagingCollectionViewLayoutAttributes.m in Sources */ = {isa = PBXBuildFile; fileRef = 678049221A313106001E4DC7 /* MessagingCollectionViewLayoutAttributes.m */; };
		678049511A313106001E4DC7 /* camera_button.png in Resources */ = {isa = PBXBuildFile; fileRef = 6780492B1A313106001E4DC7 /* camera_button.png */; };
		678049521A313106001E4DC7 /* camera_button@2x.png in Resources */ = {isa = PBXBuildFile; fileRef = 6780492C1A313106001E4DC7 /* camera_button@2x.png */; };
		678049531A313106001E4DC7 /* camera_button@3x.png in Resources */ = {isa = PBXBuildFile; fileRef = 6780492D1A313106001E4DC7 /* camera_button@3x.png */; };
		678049541A313106001E4DC7 /* MessageInputView.m in Sources */ = {isa = PBXBuildFile; fileRef = 678049301A313106001E4DC7 /* MessageInputView.m */; };
		678049551A313106001E4DC7 /* MessagingCellTextView.m in Sources */ = {isa = PBXBuildFile; fileRef = 678049321A313106001E4DC7 /* MessagingCellTextView.m */; };
		678049561A313106001E4DC7 /* MessagingCollectionView.m in Sources */ = {isa = PBXBuildFile; fileRef = 678049341A313106001E4DC7 /* MessagingCollectionView.m */; };
		678049571A313106001E4DC7 /* MessagingInputTextView.m in Sources */ = {isa = PBXBuildFile; fileRef = 678049361A313106001E4DC7 /* MessagingInputTextView.m */; };
		678049581A313106001E4DC7 /* MessagingLoadEarlierMessagesHeaderView.m in Sources */ = {isa = PBXBuildFile; fileRef = 678049381A313106001E4DC7 /* MessagingLoadEarlierMessagesHeaderView.m */; };
		678049591A313106001E4DC7 /* MessagingParentCell.m in Sources */ = {isa = PBXBuildFile; fileRef = 6780493A1A313106001E4DC7 /* MessagingParentCell.m */; };
		6780495A1A313106001E4DC7 /* MessagingImageCell.m in Sources */ = {isa = PBXBuildFile; fileRef = 6780493C1A313106001E4DC7 /* MessagingImageCell.m */; };
		6780495B1A313106001E4DC7 /* MessagingTextCell.m in Sources */ = {isa = PBXBuildFile; fileRef = 6780493E1A313106001E4DC7 /* MessagingTextCell.m */; };
		6780495C1A313106001E4DC7 /* MessagingTimestampSupplementaryView.m in Sources */ = {isa = PBXBuildFile; fileRef = 678049401A313106001E4DC7 /* MessagingTimestampSupplementaryView.m */; };
		6780495D1A313106001E4DC7 /* MessagingTypingIndicatorFooterView.m in Sources */ = {isa = PBXBuildFile; fileRef = 678049421A313106001E4DC7 /* MessagingTypingIndicatorFooterView.m */; };
		678049781A33D047001E4DC7 /* MessagingMovieCell.m in Sources */ = {isa = PBXBuildFile; fileRef = 678049771A33D047001E4DC7 /* MessagingMovieCell.m */; };
		6780497B1A33D064001E4DC7 /* MessagingLocationCell.m in Sources */ = {isa = PBXBuildFile; fileRef = 6780497A1A33D064001E4DC7 /* MessagingLocationCell.m */; };
		6780497E1A350EDD001E4DC7 /* UIImage+AnimatedGIF.m in Sources */ = {isa = PBXBuildFile; fileRef = 6780497C1A350EDD001E4DC7 /* UIImage+AnimatedGIF.m */; };
		678049811A351673001E4DC7 /* MessagingGIFCell.m in Sources */ = {isa = PBXBuildFile; fileRef = 678049801A351673001E4DC7 /* MessagingGIFCell.m */; };
		678049851A3519CA001E4DC7 /* PingTransition.gif in Resources */ = {isa = PBXBuildFile; fileRef = 678049841A3519CA001E4DC7 /* PingTransition.gif */; };
		679DF5781A43B4560025CBD9 /* calmthestorm.mp4 in Resources */ = {isa = PBXBuildFile; fileRef = 679DF5771A43B4560025CBD9 /* calmthestorm.mp4 */; };
/* End PBXBuildFile section */

/* Begin PBXContainerItemProxy section */
		6780483C1A312954001E4DC7 /* PBXContainerItemProxy */ = {
			isa = PBXContainerItemProxy;
			containerPortal = 6780481A1A312954001E4DC7 /* Project object */;
			proxyType = 1;
			remoteGlobalIDString = 678048211A312954001E4DC7;
			remoteInfo = MessagingKit;
		};
/* End PBXContainerItemProxy section */

/* Begin PBXFileReference section */
		678048221A312954001E4DC7 /* MessagingKit.app */ = {isa = PBXFileReference; explicitFileType = wrapper.application; includeInIndex = 0; path = MessagingKit.app; sourceTree = BUILT_PRODUCTS_DIR; };
		678048261A312954001E4DC7 /* Info.plist */ = {isa = PBXFileReference; lastKnownFileType = text.plist.xml; path = Info.plist; sourceTree = "<group>"; };
		678048271A312954001E4DC7 /* main.m */ = {isa = PBXFileReference; lastKnownFileType = sourcecode.c.objc; path = main.m; sourceTree = "<group>"; };
		678048291A312954001E4DC7 /* AppDelegate.h */ = {isa = PBXFileReference; lastKnownFileType = sourcecode.c.h; path = AppDelegate.h; sourceTree = "<group>"; };
		6780482A1A312954001E4DC7 /* AppDelegate.m */ = {isa = PBXFileReference; lastKnownFileType = sourcecode.c.objc; path = AppDelegate.m; sourceTree = "<group>"; };
		678048321A312954001E4DC7 /* Images.xcassets */ = {isa = PBXFileReference; lastKnownFileType = folder.assetcatalog; path = Images.xcassets; sourceTree = "<group>"; };
		678048351A312954001E4DC7 /* Base */ = {isa = PBXFileReference; lastKnownFileType = file.xib; name = Base; path = Base.lproj/LaunchScreen.xib; sourceTree = "<group>"; };
		6780483B1A312954001E4DC7 /* MessagingKitTests.xctest */ = {isa = PBXFileReference; explicitFileType = wrapper.cfbundle; includeInIndex = 0; path = MessagingKitTests.xctest; sourceTree = BUILT_PRODUCTS_DIR; };
		678048401A312954001E4DC7 /* Info.plist */ = {isa = PBXFileReference; lastKnownFileType = text.plist.xml; path = Info.plist; sourceTree = "<group>"; };
		678048411A312954001E4DC7 /* MessagingKitTests.m */ = {isa = PBXFileReference; lastKnownFileType = sourcecode.c.objc; path = MessagingKitTests.m; sourceTree = "<group>"; };
		678049021A313106001E4DC7 /* Message.h */ = {isa = PBXFileReference; fileEncoding = 4; lastKnownFileType = sourcecode.c.h; path = Message.h; sourceTree = "<group>"; };
		678049031A313106001E4DC7 /* Message.m */ = {isa = PBXFileReference; fileEncoding = 4; lastKnownFileType = sourcecode.c.objc; path = Message.m; sourceTree = "<group>"; };
		678049041A313106001E4DC7 /* ViewController.h */ = {isa = PBXFileReference; fileEncoding = 4; lastKnownFileType = sourcecode.c.h; path = ViewController.h; sourceTree = "<group>"; };
		678049051A313106001E4DC7 /* ViewController.m */ = {isa = PBXFileReference; fileEncoding = 4; lastKnownFileType = sourcecode.c.objc; path = ViewController.m; sourceTree = "<group>"; };
		678049081A313106001E4DC7 /* NSAttributedString+Messaging.h */ = {isa = PBXFileReference; fileEncoding = 4; lastKnownFileType = sourcecode.c.h; path = "NSAttributedString+Messaging.h"; sourceTree = "<group>"; };
		678049091A313106001E4DC7 /* NSAttributedString+Messaging.m */ = {isa = PBXFileReference; fileEncoding = 4; lastKnownFileType = sourcecode.c.objc; path = "NSAttributedString+Messaging.m"; sourceTree = "<group>"; };
		6780490A1A313106001E4DC7 /* UIColor+Messaging.h */ = {isa = PBXFileReference; fileEncoding = 4; lastKnownFileType = sourcecode.c.h; path = "UIColor+Messaging.h"; sourceTree = "<group>"; };
		6780490B1A313106001E4DC7 /* UIColor+Messaging.m */ = {isa = PBXFileReference; fileEncoding = 4; lastKnownFileType = sourcecode.c.objc; path = "UIColor+Messaging.m"; sourceTree = "<group>"; };
		6780490C1A313106001E4DC7 /* UIImage+Messaging.h */ = {isa = PBXFileReference; fileEncoding = 4; lastKnownFileType = sourcecode.c.h; path = "UIImage+Messaging.h"; sourceTree = "<group>"; };
		6780490D1A313106001E4DC7 /* UIImage+Messaging.m */ = {isa = PBXFileReference; fileEncoding = 4; lastKnownFileType = sourcecode.c.objc; path = "UIImage+Messaging.m"; sourceTree = "<group>"; };
		6780490F1A313106001E4DC7 /* InteractiveKeyboardController.h */ = {isa = PBXFileReference; fileEncoding = 4; lastKnownFileType = sourcecode.c.h; path = InteractiveKeyboardController.h; sourceTree = "<group>"; };
		678049101A313106001E4DC7 /* InteractiveKeyboardController.m */ = {isa = PBXFileReference; fileEncoding = 4; lastKnownFileType = sourcecode.c.objc; path = InteractiveKeyboardController.m; sourceTree = "<group>"; };
		678049111A313106001E4DC7 /* MessageBubbleController.h */ = {isa = PBXFileReference; fileEncoding = 4; lastKnownFileType = sourcecode.c.h; path = MessageBubbleController.h; sourceTree = "<group>"; };
		678049121A313106001E4DC7 /* MessageBubbleController.m */ = {isa = PBXFileReference; fileEncoding = 4; lastKnownFileType = sourcecode.c.objc; path = MessageBubbleController.m; sourceTree = "<group>"; };
		678049131A313106001E4DC7 /* MessagingViewController.h */ = {isa = PBXFileReference; fileEncoding = 4; lastKnownFileType = sourcecode.c.h; path = MessagingViewController.h; sourceTree = "<group>"; };
		678049141A313106001E4DC7 /* MessagingViewController.m */ = {isa = PBXFileReference; fileEncoding = 4; lastKnownFileType = sourcecode.c.objc; path = MessagingViewController.m; sourceTree = "<group>"; };
		678049151A313106001E4DC7 /* SystemSoundPlayer.h */ = {isa = PBXFileReference; fileEncoding = 4; lastKnownFileType = sourcecode.c.h; path = SystemSoundPlayer.h; sourceTree = "<group>"; };
		678049161A313106001E4DC7 /* SystemSoundPlayer.m */ = {isa = PBXFileReference; fileEncoding = 4; lastKnownFileType = sourcecode.c.objc; path = SystemSoundPlayer.m; sourceTree = "<group>"; };
		678049181A313106001E4DC7 /* MessageBubbleFactory.h */ = {isa = PBXFileReference; fileEncoding = 4; lastKnownFileType = sourcecode.c.h; path = MessageBubbleFactory.h; sourceTree = "<group>"; };
		678049191A313106001E4DC7 /* MessageBubbleFactory.m */ = {isa = PBXFileReference; fileEncoding = 4; lastKnownFileType = sourcecode.c.objc; path = MessageBubbleFactory.m; sourceTree = "<group>"; };
		6780491A1A313106001E4DC7 /* MessagingTimestampFormatter.h */ = {isa = PBXFileReference; fileEncoding = 4; lastKnownFileType = sourcecode.c.h; path = MessagingTimestampFormatter.h; sourceTree = "<group>"; };
		6780491B1A313106001E4DC7 /* MessagingTimestampFormatter.m */ = {isa = PBXFileReference; fileEncoding = 4; lastKnownFileType = sourcecode.c.objc; path = MessagingTimestampFormatter.m; sourceTree = "<group>"; };
		6780491D1A313106001E4DC7 /* MessagingCollectionViewFlowLayout.h */ = {isa = PBXFileReference; fileEncoding = 4; lastKnownFileType = sourcecode.c.h; path = MessagingCollectionViewFlowLayout.h; sourceTree = "<group>"; };
		6780491E1A313106001E4DC7 /* MessagingCollectionViewFlowLayout.m */ = {isa = PBXFileReference; fileEncoding = 4; lastKnownFileType = sourcecode.c.objc; path = MessagingCollectionViewFlowLayout.m; sourceTree = "<group>"; };
		6780491F1A313106001E4DC7 /* MessagingCollectionViewFlowLayoutInvalidationContext.h */ = {isa = PBXFileReference; fileEncoding = 4; lastKnownFileType = sourcecode.c.h; path = MessagingCollectionViewFlowLayoutInvalidationContext.h; sourceTree = "<group>"; };
		678049201A313106001E4DC7 /* MessagingCollectionViewFlowLayoutInvalidationContext.m */ = {isa = PBXFileReference; fileEncoding = 4; lastKnownFileType = sourcecode.c.objc; path = MessagingCollectionViewFlowLayoutInvalidationContext.m; sourceTree = "<group>"; };
		678049211A313106001E4DC7 /* MessagingCollectionViewLayoutAttributes.h */ = {isa = PBXFileReference; fileEncoding = 4; lastKnownFileType = sourcecode.c.h; path = MessagingCollectionViewLayoutAttributes.h; sourceTree = "<group>"; };
		678049221A313106001E4DC7 /* MessagingCollectionViewLayoutAttributes.m */ = {isa = PBXFileReference; fileEncoding = 4; lastKnownFileType = sourcecode.c.objc; path = MessagingCollectionViewLayoutAttributes.m; sourceTree = "<group>"; };
		678049231A313106001E4DC7 /* MessagingKit.h */ = {isa = PBXFileReference; fileEncoding = 4; lastKnownFileType = sourcecode.c.h; path = MessagingKit.h; sourceTree = "<group>"; };
		678049251A313106001E4DC7 /* MessagingCollectionViewDataSource.h */ = {isa = PBXFileReference; fileEncoding = 4; lastKnownFileType = sourcecode.c.h; path = MessagingCollectionViewDataSource.h; sourceTree = "<group>"; };
		678049261A313106001E4DC7 /* MessagingCollectionViewDelegateFlowLayout.h */ = {isa = PBXFileReference; fileEncoding = 4; lastKnownFileType = sourcecode.c.h; path = MessagingCollectionViewDelegateFlowLayout.h; sourceTree = "<group>"; };
		678049271A313106001E4DC7 /* MessagingInputUtility.h */ = {isa = PBXFileReference; fileEncoding = 4; lastKnownFileType = sourcecode.c.h; path = MessagingInputUtility.h; sourceTree = "<group>"; };
		6780492B1A313106001E4DC7 /* camera_button.png */ = {isa = PBXFileReference; lastKnownFileType = image.png; path = camera_button.png; sourceTree = "<group>"; };
		6780492C1A313106001E4DC7 /* camera_button@2x.png */ = {isa = PBXFileReference; lastKnownFileType = image.png; path = "camera_button@2x.png"; sourceTree = "<group>"; };
		6780492D1A313106001E4DC7 /* camera_button@3x.png */ = {isa = PBXFileReference; lastKnownFileType = image.png; path = "camera_button@3x.png"; sourceTree = "<group>"; };
		6780492F1A313106001E4DC7 /* MessageInputView.h */ = {isa = PBXFileReference; fileEncoding = 4; lastKnownFileType = sourcecode.c.h; path = MessageInputView.h; sourceTree = "<group>"; };
		678049301A313106001E4DC7 /* MessageInputView.m */ = {isa = PBXFileReference; fileEncoding = 4; lastKnownFileType = sourcecode.c.objc; path = MessageInputView.m; sourceTree = "<group>"; };
		678049311A313106001E4DC7 /* MessagingCellTextView.h */ = {isa = PBXFileReference; fileEncoding = 4; lastKnownFileType = sourcecode.c.h; path = MessagingCellTextView.h; sourceTree = "<group>"; };
		678049321A313106001E4DC7 /* MessagingCellTextView.m */ = {isa = PBXFileReference; fileEncoding = 4; lastKnownFileType = sourcecode.c.objc; path = MessagingCellTextView.m; sourceTree = "<group>"; };
		678049331A313106001E4DC7 /* MessagingCollectionView.h */ = {isa = PBXFileReference; fileEncoding = 4; lastKnownFileType = sourcecode.c.h; path = MessagingCollectionView.h; sourceTree = "<group>"; };
		678049341A313106001E4DC7 /* MessagingCollectionView.m */ = {isa = PBXFileReference; fileEncoding = 4; lastKnownFileType = sourcecode.c.objc; path = MessagingCollectionView.m; sourceTree = "<group>"; };
		678049351A313106001E4DC7 /* MessagingInputTextView.h */ = {isa = PBXFileReference; fileEncoding = 4; lastKnownFileType = sourcecode.c.h; path = MessagingInputTextView.h; sourceTree = "<group>"; };
		678049361A313106001E4DC7 /* MessagingInputTextView.m */ = {isa = PBXFileReference; fileEncoding = 4; lastKnownFileType = sourcecode.c.objc; path = MessagingInputTextView.m; sourceTree = "<group>"; };
		678049371A313106001E4DC7 /* MessagingLoadEarlierMessagesHeaderView.h */ = {isa = PBXFileReference; fileEncoding = 4; lastKnownFileType = sourcecode.c.h; path = MessagingLoadEarlierMessagesHeaderView.h; sourceTree = "<group>"; };
		678049381A313106001E4DC7 /* MessagingLoadEarlierMessagesHeaderView.m */ = {isa = PBXFileReference; fileEncoding = 4; lastKnownFileType = sourcecode.c.objc; path = MessagingLoadEarlierMessagesHeaderView.m; sourceTree = "<group>"; };
		678049391A313106001E4DC7 /* MessagingParentCell.h */ = {isa = PBXFileReference; fileEncoding = 4; lastKnownFileType = sourcecode.c.h; path = MessagingParentCell.h; sourceTree = "<group>"; };
		6780493A1A313106001E4DC7 /* MessagingParentCell.m */ = {isa = PBXFileReference; fileEncoding = 4; lastKnownFileType = sourcecode.c.objc; path = MessagingParentCell.m; sourceTree = "<group>"; };
		6780493B1A313106001E4DC7 /* MessagingImageCell.h */ = {isa = PBXFileReference; fileEncoding = 4; lastKnownFileType = sourcecode.c.h; path = MessagingImageCell.h; sourceTree = "<group>"; };
		6780493C1A313106001E4DC7 /* MessagingImageCell.m */ = {isa = PBXFileReference; fileEncoding = 4; lastKnownFileType = sourcecode.c.objc; path = MessagingImageCell.m; sourceTree = "<group>"; };
		6780493D1A313106001E4DC7 /* MessagingTextCell.h */ = {isa = PBXFileReference; fileEncoding = 4; lastKnownFileType = sourcecode.c.h; path = MessagingTextCell.h; sourceTree = "<group>"; };
		6780493E1A313106001E4DC7 /* MessagingTextCell.m */ = {isa = PBXFileReference; fileEncoding = 4; lastKnownFileType = sourcecode.c.objc; path = MessagingTextCell.m; sourceTree = "<group>"; };
		6780493F1A313106001E4DC7 /* MessagingTimestampSupplementaryView.h */ = {isa = PBXFileReference; fileEncoding = 4; lastKnownFileType = sourcecode.c.h; path = MessagingTimestampSupplementaryView.h; sourceTree = "<group>"; };
		678049401A313106001E4DC7 /* MessagingTimestampSupplementaryView.m */ = {isa = PBXFileReference; fileEncoding = 4; lastKnownFileType = sourcecode.c.objc; path = MessagingTimestampSupplementaryView.m; sourceTree = "<group>"; };
		678049411A313106001E4DC7 /* MessagingTypingIndicatorFooterView.h */ = {isa = PBXFileReference; fileEncoding = 4; lastKnownFileType = sourcecode.c.h; path = MessagingTypingIndicatorFooterView.h; sourceTree = "<group>"; };
		678049421A313106001E4DC7 /* MessagingTypingIndicatorFooterView.m */ = {isa = PBXFileReference; fileEncoding = 4; lastKnownFileType = sourcecode.c.objc; path = MessagingTypingIndicatorFooterView.m; sourceTree = "<group>"; };
		678049701A31325C001E4DC7 /* MessagingKitConstants.h */ = {isa = PBXFileReference; fileEncoding = 4; lastKnownFileType = sourcecode.c.h; path = MessagingKitConstants.h; sourceTree = "<group>"; };
		678049761A33D047001E4DC7 /* MessagingMovieCell.h */ = {isa = PBXFileReference; fileEncoding = 4; lastKnownFileType = sourcecode.c.h; path = MessagingMovieCell.h; sourceTree = "<group>"; };
		678049771A33D047001E4DC7 /* MessagingMovieCell.m */ = {isa = PBXFileReference; fileEncoding = 4; lastKnownFileType = sourcecode.c.objc; path = MessagingMovieCell.m; sourceTree = "<group>"; };
		678049791A33D064001E4DC7 /* MessagingLocationCell.h */ = {isa = PBXFileReference; fileEncoding = 4; lastKnownFileType = sourcecode.c.h; path = MessagingLocationCell.h; sourceTree = "<group>"; };
		6780497A1A33D064001E4DC7 /* MessagingLocationCell.m */ = {isa = PBXFileReference; fileEncoding = 4; lastKnownFileType = sourcecode.c.objc; path = MessagingLocationCell.m; sourceTree = "<group>"; };
		6780497C1A350EDD001E4DC7 /* UIImage+AnimatedGIF.m */ = {isa = PBXFileReference; fileEncoding = 4; lastKnownFileType = sourcecode.c.objc; path = "UIImage+AnimatedGIF.m"; sourceTree = "<group>"; };
		6780497D1A350EDD001E4DC7 /* UIImage+AnimatedGIF.h */ = {isa = PBXFileReference; fileEncoding = 4; lastKnownFileType = sourcecode.c.h; path = "UIImage+AnimatedGIF.h"; sourceTree = "<group>"; };
		6780497F1A351673001E4DC7 /* MessagingGIFCell.h */ = {isa = PBXFileReference; fileEncoding = 4; lastKnownFileType = sourcecode.c.h; path = MessagingGIFCell.h; sourceTree = "<group>"; };
		678049801A351673001E4DC7 /* MessagingGIFCell.m */ = {isa = PBXFileReference; fileEncoding = 4; lastKnownFileType = sourcecode.c.objc; path = MessagingGIFCell.m; sourceTree = "<group>"; };
		678049841A3519CA001E4DC7 /* PingTransition.gif */ = {isa = PBXFileReference; lastKnownFileType = image.gif; path = PingTransition.gif; sourceTree = "<group>"; };
		679DF5771A43B4560025CBD9 /* calmthestorm.mp4 */ = {isa = PBXFileReference; lastKnownFileType = file; path = calmthestorm.mp4; sourceTree = "<group>"; };
/* End PBXFileReference section */

/* Begin PBXFrameworksBuildPhase section */
		6780481F1A312954001E4DC7 /* Frameworks */ = {
			isa = PBXFrameworksBuildPhase;
			buildActionMask = 2147483647;
			files = (
			);
			runOnlyForDeploymentPostprocessing = 0;
		};
		678048381A312954001E4DC7 /* Frameworks */ = {
			isa = PBXFrameworksBuildPhase;
			buildActionMask = 2147483647;
			files = (
			);
			runOnlyForDeploymentPostprocessing = 0;
		};
/* End PBXFrameworksBuildPhase section */

/* Begin PBXGroup section */
		678048191A312954001E4DC7 = {
			isa = PBXGroup;
			children = (
				678048241A312954001E4DC7 /* MessagingKit */,
				6780483E1A312954001E4DC7 /* MessagingKitTests */,
				678048231A312954001E4DC7 /* Products */,
			);
			sourceTree = "<group>";
		};
		678048231A312954001E4DC7 /* Products */ = {
			isa = PBXGroup;
			children = (
				678048221A312954001E4DC7 /* MessagingKit.app */,
				6780483B1A312954001E4DC7 /* MessagingKitTests.xctest */,
			);
			name = Products;
			sourceTree = "<group>";
		};
		678048241A312954001E4DC7 /* MessagingKit */ = {
			isa = PBXGroup;
			children = (
				678048291A312954001E4DC7 /* AppDelegate.h */,
				6780482A1A312954001E4DC7 /* AppDelegate.m */,
				678049001A313106001E4DC7 /* Demo */,
				678049061A313106001E4DC7 /* Classes */,
				678048321A312954001E4DC7 /* Images.xcassets */,
				678048341A312954001E4DC7 /* LaunchScreen.xib */,
				678048251A312954001E4DC7 /* Supporting Files */,
			);
			path = MessagingKit;
			sourceTree = "<group>";
		};
		678048251A312954001E4DC7 /* Supporting Files */ = {
			isa = PBXGroup;
			children = (
				678048261A312954001E4DC7 /* Info.plist */,
				678048271A312954001E4DC7 /* main.m */,
			);
			name = "Supporting Files";
			sourceTree = "<group>";
		};
		6780483E1A312954001E4DC7 /* MessagingKitTests */ = {
			isa = PBXGroup;
			children = (
				678048411A312954001E4DC7 /* MessagingKitTests.m */,
				6780483F1A312954001E4DC7 /* Supporting Files */,
			);
			path = MessagingKitTests;
			sourceTree = "<group>";
		};
		6780483F1A312954001E4DC7 /* Supporting Files */ = {
			isa = PBXGroup;
			children = (
				678048401A312954001E4DC7 /* Info.plist */,
			);
			name = "Supporting Files";
			sourceTree = "<group>";
		};
		678049001A313106001E4DC7 /* Demo */ = {
			isa = PBXGroup;
			children = (
				678049831A3519CA001E4DC7 /* Resources */,
				678049011A313106001E4DC7 /* Model */,
				678049041A313106001E4DC7 /* ViewController.h */,
				678049051A313106001E4DC7 /* ViewController.m */,
			);
			path = Demo;
			sourceTree = SOURCE_ROOT;
		};
		678049011A313106001E4DC7 /* Model */ = {
			isa = PBXGroup;
			children = (
				678049021A313106001E4DC7 /* Message.h */,
				678049031A313106001E4DC7 /* Message.m */,
			);
			path = Model;
			sourceTree = "<group>";
		};
		678049061A313106001E4DC7 /* Classes */ = {
			isa = PBXGroup;
			children = (
				678049231A313106001E4DC7 /* MessagingKit.h */,
				678049701A31325C001E4DC7 /* MessagingKitConstants.h */,
				678049071A313106001E4DC7 /* Categories */,
				6780490E1A313106001E4DC7 /* Controllers */,
				678049171A313106001E4DC7 /* Factories */,
				6780491C1A313106001E4DC7 /* Layout */,
				678049241A313106001E4DC7 /* Protocols */,
				678049291A313106001E4DC7 /* Resources */,
				6780492E1A313106001E4DC7 /* Views */,
			);
			path = Classes;
			sourceTree = SOURCE_ROOT;
		};
		678049071A313106001E4DC7 /* Categories */ = {
			isa = PBXGroup;
			children = (
				678049081A313106001E4DC7 /* NSAttributedString+Messaging.h */,
				678049091A313106001E4DC7 /* NSAttributedString+Messaging.m */,
				6780490A1A313106001E4DC7 /* UIColor+Messaging.h */,
				6780490B1A313106001E4DC7 /* UIColor+Messaging.m */,
				6780490C1A313106001E4DC7 /* UIImage+Messaging.h */,
				6780490D1A313106001E4DC7 /* UIImage+Messaging.m */,
				6780497D1A350EDD001E4DC7 /* UIImage+AnimatedGIF.h */,
				6780497C1A350EDD001E4DC7 /* UIImage+AnimatedGIF.m */,
			);
			path = Categories;
			sourceTree = "<group>";
		};
		6780490E1A313106001E4DC7 /* Controllers */ = {
			isa = PBXGroup;
			children = (
				6780490F1A313106001E4DC7 /* InteractiveKeyboardController.h */,
				678049101A313106001E4DC7 /* InteractiveKeyboardController.m */,
				678049111A313106001E4DC7 /* MessageBubbleController.h */,
				678049121A313106001E4DC7 /* MessageBubbleController.m */,
				678049131A313106001E4DC7 /* MessagingViewController.h */,
				678049141A313106001E4DC7 /* MessagingViewController.m */,
				678049151A313106001E4DC7 /* SystemSoundPlayer.h */,
				678049161A313106001E4DC7 /* SystemSoundPlayer.m */,
			);
			path = Controllers;
			sourceTree = "<group>";
		};
		678049171A313106001E4DC7 /* Factories */ = {
			isa = PBXGroup;
			children = (
				678049181A313106001E4DC7 /* MessageBubbleFactory.h */,
				678049191A313106001E4DC7 /* MessageBubbleFactory.m */,
				6780491A1A313106001E4DC7 /* MessagingTimestampFormatter.h */,
				6780491B1A313106001E4DC7 /* MessagingTimestampFormatter.m */,
			);
			path = Factories;
			sourceTree = "<group>";
		};
		6780491C1A313106001E4DC7 /* Layout */ = {
			isa = PBXGroup;
			children = (
				6780491D1A313106001E4DC7 /* MessagingCollectionViewFlowLayout.h */,
				6780491E1A313106001E4DC7 /* MessagingCollectionViewFlowLayout.m */,
				6780491F1A313106001E4DC7 /* MessagingCollectionViewFlowLayoutInvalidationContext.h */,
				678049201A313106001E4DC7 /* MessagingCollectionViewFlowLayoutInvalidationContext.m */,
				678049211A313106001E4DC7 /* MessagingCollectionViewLayoutAttributes.h */,
				678049221A313106001E4DC7 /* MessagingCollectionViewLayoutAttributes.m */,
			);
			path = Layout;
			sourceTree = "<group>";
		};
		678049241A313106001E4DC7 /* Protocols */ = {
			isa = PBXGroup;
			children = (
				678049251A313106001E4DC7 /* MessagingCollectionViewDataSource.h */,
				678049261A313106001E4DC7 /* MessagingCollectionViewDelegateFlowLayout.h */,
				678049271A313106001E4DC7 /* MessagingInputUtility.h */,
			);
			path = Protocols;
			sourceTree = "<group>";
		};
		678049291A313106001E4DC7 /* Resources */ = {
			isa = PBXGroup;
			children = (
				6780492A1A313106001E4DC7 /* Images */,
			);
			path = Resources;
			sourceTree = "<group>";
		};
		6780492A1A313106001E4DC7 /* Images */ = {
			isa = PBXGroup;
			children = (
				6780492B1A313106001E4DC7 /* camera_button.png */,
				6780492C1A313106001E4DC7 /* camera_button@2x.png */,
				6780492D1A313106001E4DC7 /* camera_button@3x.png */,
			);
			path = Images;
			sourceTree = "<group>";
		};
		6780492E1A313106001E4DC7 /* Views */ = {
			isa = PBXGroup;
			children = (
				6780492F1A313106001E4DC7 /* MessageInputView.h */,
				678049301A313106001E4DC7 /* MessageInputView.m */,
				678049311A313106001E4DC7 /* MessagingCellTextView.h */,
				678049321A313106001E4DC7 /* MessagingCellTextView.m */,
				678049351A313106001E4DC7 /* MessagingInputTextView.h */,
				678049361A313106001E4DC7 /* MessagingInputTextView.m */,
				678049331A313106001E4DC7 /* MessagingCollectionView.h */,
				678049341A313106001E4DC7 /* MessagingCollectionView.m */,
				678049391A313106001E4DC7 /* MessagingParentCell.h */,
				6780493A1A313106001E4DC7 /* MessagingParentCell.m */,
				6780493D1A313106001E4DC7 /* MessagingTextCell.h */,
				6780493E1A313106001E4DC7 /* MessagingTextCell.m */,
				6780493B1A313106001E4DC7 /* MessagingImageCell.h */,
				6780493C1A313106001E4DC7 /* MessagingImageCell.m */,
				678049761A33D047001E4DC7 /* MessagingMovieCell.h */,
				678049771A33D047001E4DC7 /* MessagingMovieCell.m */,
				678049791A33D064001E4DC7 /* MessagingLocationCell.h */,
				6780497A1A33D064001E4DC7 /* MessagingLocationCell.m */,
				6780497F1A351673001E4DC7 /* MessagingGIFCell.h */,
				678049801A351673001E4DC7 /* MessagingGIFCell.m */,
				6780493F1A313106001E4DC7 /* MessagingTimestampSupplementaryView.h */,
				678049401A313106001E4DC7 /* MessagingTimestampSupplementaryView.m */,
				678049371A313106001E4DC7 /* MessagingLoadEarlierMessagesHeaderView.h */,
				678049381A313106001E4DC7 /* MessagingLoadEarlierMessagesHeaderView.m */,
				678049411A313106001E4DC7 /* MessagingTypingIndicatorFooterView.h */,
				678049421A313106001E4DC7 /* MessagingTypingIndicatorFooterView.m */,
			);
			path = Views;
			sourceTree = "<group>";
		};
		678049831A3519CA001E4DC7 /* Resources */ = {
			isa = PBXGroup;
			children = (
				679DF5771A43B4560025CBD9 /* calmthestorm.mp4 */,
				678049841A3519CA001E4DC7 /* PingTransition.gif */,
			);
			path = Resources;
			sourceTree = "<group>";
		};
/* End PBXGroup section */

/* Begin PBXNativeTarget section */
		678048211A312954001E4DC7 /* MessagingKit */ = {
			isa = PBXNativeTarget;
			buildConfigurationList = 678048451A312954001E4DC7 /* Build configuration list for PBXNativeTarget "MessagingKit" */;
			buildPhases = (
				6780481E1A312954001E4DC7 /* Sources */,
				6780481F1A312954001E4DC7 /* Frameworks */,
				678048201A312954001E4DC7 /* Resources */,
			);
			buildRules = (
			);
			dependencies = (
			);
			name = MessagingKit;
			productName = MessagingKit;
			productReference = 678048221A312954001E4DC7 /* MessagingKit.app */;
			productType = "com.apple.product-type.application";
		};
		6780483A1A312954001E4DC7 /* MessagingKitTests */ = {
			isa = PBXNativeTarget;
			buildConfigurationList = 678048481A312954001E4DC7 /* Build configuration list for PBXNativeTarget "MessagingKitTests" */;
			buildPhases = (
				678048371A312954001E4DC7 /* Sources */,
				678048381A312954001E4DC7 /* Frameworks */,
				678048391A312954001E4DC7 /* Resources */,
			);
			buildRules = (
			);
			dependencies = (
				6780483D1A312954001E4DC7 /* PBXTargetDependency */,
			);
			name = MessagingKitTests;
			productName = MessagingKitTests;
			productReference = 6780483B1A312954001E4DC7 /* MessagingKitTests.xctest */;
			productType = "com.apple.product-type.bundle.unit-test";
		};
/* End PBXNativeTarget section */

/* Begin PBXProject section */
		6780481A1A312954001E4DC7 /* Project object */ = {
			isa = PBXProject;
			attributes = {
				LastUpgradeCheck = 0610;
				ORGANIZATIONNAME = "Devon Boyer";
				TargetAttributes = {
					678048211A312954001E4DC7 = {
						CreatedOnToolsVersion = 6.1.1;
					};
					6780483A1A312954001E4DC7 = {
						CreatedOnToolsVersion = 6.1.1;
						TestTargetID = 678048211A312954001E4DC7;
					};
				};
			};
			buildConfigurationList = 6780481D1A312954001E4DC7 /* Build configuration list for PBXProject "MessagingKit" */;
			compatibilityVersion = "Xcode 3.2";
			developmentRegion = English;
			hasScannedForEncodings = 0;
			knownRegions = (
				en,
				Base,
			);
			mainGroup = 678048191A312954001E4DC7;
			productRefGroup = 678048231A312954001E4DC7 /* Products */;
			projectDirPath = "";
			projectRoot = "";
			targets = (
				678048211A312954001E4DC7 /* MessagingKit */,
				6780483A1A312954001E4DC7 /* MessagingKitTests */,
			);
		};
/* End PBXProject section */

/* Begin PBXResourcesBuildPhase section */
		678048201A312954001E4DC7 /* Resources */ = {
			isa = PBXResourcesBuildPhase;
			buildActionMask = 2147483647;
			files = (
				678049531A313106001E4DC7 /* camera_button@3x.png in Resources */,
				678049851A3519CA001E4DC7 /* PingTransition.gif in Resources */,
				678048361A312954001E4DC7 /* LaunchScreen.xib in Resources */,
				678049521A313106001E4DC7 /* camera_button@2x.png in Resources */,
				678048331A312954001E4DC7 /* Images.xcassets in Resources */,
				679DF5781A43B4560025CBD9 /* calmthestorm.mp4 in Resources */,
				678049511A313106001E4DC7 /* camera_button.png in Resources */,
			);
			runOnlyForDeploymentPostprocessing = 0;
		};
		678048391A312954001E4DC7 /* Resources */ = {
			isa = PBXResourcesBuildPhase;
			buildActionMask = 2147483647;
			files = (
			);
			runOnlyForDeploymentPostprocessing = 0;
		};
/* End PBXResourcesBuildPhase section */

/* Begin PBXSourcesBuildPhase section */
		6780481E1A312954001E4DC7 /* Sources */ = {
			isa = PBXSourcesBuildPhase;
			buildActionMask = 2147483647;
			files = (
				678049541A313106001E4DC7 /* MessageInputView.m in Sources */,
				6780495B1A313106001E4DC7 /* MessagingTextCell.m in Sources */,
				6780482B1A312954001E4DC7 /* AppDelegate.m in Sources */,
				6780494F1A313106001E4DC7 /* MessagingCollectionViewFlowLayoutInvalidationContext.m in Sources */,
				6780494B1A313106001E4DC7 /* SystemSoundPlayer.m in Sources */,
				678049551A313106001E4DC7 /* MessagingCellTextView.m in Sources */,
				6780495A1A313106001E4DC7 /* MessagingImageCell.m in Sources */,
				678049571A313106001E4DC7 /* MessagingInputTextView.m in Sources */,
				6780495C1A313106001E4DC7 /* MessagingTimestampSupplementaryView.m in Sources */,
				678049451A313106001E4DC7 /* NSAttributedString+Messaging.m in Sources */,
				678049581A313106001E4DC7 /* MessagingLoadEarlierMessagesHeaderView.m in Sources */,
				6780497E1A350EDD001E4DC7 /* UIImage+AnimatedGIF.m in Sources */,
				678049591A313106001E4DC7 /* MessagingParentCell.m in Sources */,
				6780494D1A313106001E4DC7 /* MessagingTimestampFormatter.m in Sources */,
				678049431A313106001E4DC7 /* Message.m in Sources */,
				678049441A313106001E4DC7 /* ViewController.m in Sources */,
				678049471A313106001E4DC7 /* UIImage+Messaging.m in Sources */,
				6780494C1A313106001E4DC7 /* MessageBubbleFactory.m in Sources */,
				6780494A1A313106001E4DC7 /* MessagingViewController.m in Sources */,
				678049481A313106001E4DC7 /* InteractiveKeyboardController.m in Sources */,
				678049561A313106001E4DC7 /* MessagingCollectionView.m in Sources */,
				678049781A33D047001E4DC7 /* MessagingMovieCell.m in Sources */,
				678049461A313106001E4DC7 /* UIColor+Messaging.m in Sources */,
				678049811A351673001E4DC7 /* MessagingGIFCell.m in Sources */,
				6780497B1A33D064001E4DC7 /* MessagingLocationCell.m in Sources */,
				678048281A312954001E4DC7 /* main.m in Sources */,
				678049491A313106001E4DC7 /* MessageBubbleController.m in Sources */,
				678049501A313106001E4DC7 /* MessagingCollectionViewLayoutAttributes.m in Sources */,
				6780494E1A313106001E4DC7 /* MessagingCollectionViewFlowLayout.m in Sources */,
				6780495D1A313106001E4DC7 /* MessagingTypingIndicatorFooterView.m in Sources */,
			);
			runOnlyForDeploymentPostprocessing = 0;
		};
		678048371A312954001E4DC7 /* Sources */ = {
			isa = PBXSourcesBuildPhase;
			buildActionMask = 2147483647;
			files = (
				678048421A312954001E4DC7 /* MessagingKitTests.m in Sources */,
			);
			runOnlyForDeploymentPostprocessing = 0;
		};
/* End PBXSourcesBuildPhase section */

/* Begin PBXTargetDependency section */
		6780483D1A312954001E4DC7 /* PBXTargetDependency */ = {
			isa = PBXTargetDependency;
			target = 678048211A312954001E4DC7 /* MessagingKit */;
			targetProxy = 6780483C1A312954001E4DC7 /* PBXContainerItemProxy */;
		};
/* End PBXTargetDependency section */

/* Begin PBXVariantGroup section */
		678048341A312954001E4DC7 /* LaunchScreen.xib */ = {
			isa = PBXVariantGroup;
			children = (
				678048351A312954001E4DC7 /* Base */,
			);
			name = LaunchScreen.xib;
			sourceTree = "<group>";
		};
/* End PBXVariantGroup section */

/* Begin XCBuildConfiguration section */
		678048431A312954001E4DC7 /* Debug */ = {
			isa = XCBuildConfiguration;
			buildSettings = {
				ALWAYS_SEARCH_USER_PATHS = NO;
				CLANG_CXX_LANGUAGE_STANDARD = "gnu++0x";
				CLANG_CXX_LIBRARY = "libc++";
				CLANG_ENABLE_MODULES = YES;
				CLANG_ENABLE_OBJC_ARC = YES;
				CLANG_WARN_BOOL_CONVERSION = YES;
				CLANG_WARN_CONSTANT_CONVERSION = YES;
				CLANG_WARN_DIRECT_OBJC_ISA_USAGE = YES_ERROR;
				CLANG_WARN_EMPTY_BODY = YES;
				CLANG_WARN_ENUM_CONVERSION = YES;
				CLANG_WARN_INT_CONVERSION = YES;
				CLANG_WARN_OBJC_ROOT_CLASS = YES_ERROR;
				CLANG_WARN_UNREACHABLE_CODE = YES;
				CLANG_WARN__DUPLICATE_METHOD_MATCH = YES;
				"CODE_SIGN_IDENTITY[sdk=iphoneos*]" = "iPhone Developer";
				COPY_PHASE_STRIP = NO;
				ENABLE_STRICT_OBJC_MSGSEND = YES;
				GCC_C_LANGUAGE_STANDARD = gnu99;
				GCC_DYNAMIC_NO_PIC = NO;
				GCC_OPTIMIZATION_LEVEL = 0;
				GCC_PREPROCESSOR_DEFINITIONS = (
					"DEBUG=1",
					"$(inherited)",
				);
				GCC_SYMBOLS_PRIVATE_EXTERN = NO;
				GCC_WARN_64_TO_32_BIT_CONVERSION = YES;
				GCC_WARN_ABOUT_RETURN_TYPE = YES_ERROR;
				GCC_WARN_UNDECLARED_SELECTOR = YES;
				GCC_WARN_UNINITIALIZED_AUTOS = YES_AGGRESSIVE;
				GCC_WARN_UNUSED_FUNCTION = YES;
				GCC_WARN_UNUSED_VARIABLE = YES;
				IPHONEOS_DEPLOYMENT_TARGET = 8.1;
				MTL_ENABLE_DEBUG_INFO = YES;
				ONLY_ACTIVE_ARCH = YES;
				SDKROOT = iphoneos;
			};
			name = Debug;
		};
		678048441A312954001E4DC7 /* Release */ = {
			isa = XCBuildConfiguration;
			buildSettings = {
				ALWAYS_SEARCH_USER_PATHS = NO;
				CLANG_CXX_LANGUAGE_STANDARD = "gnu++0x";
				CLANG_CXX_LIBRARY = "libc++";
				CLANG_ENABLE_MODULES = YES;
				CLANG_ENABLE_OBJC_ARC = YES;
				CLANG_WARN_BOOL_CONVERSION = YES;
				CLANG_WARN_CONSTANT_CONVERSION = YES;
				CLANG_WARN_DIRECT_OBJC_ISA_USAGE = YES_ERROR;
				CLANG_WARN_EMPTY_BODY = YES;
				CLANG_WARN_ENUM_CONVERSION = YES;
				CLANG_WARN_INT_CONVERSION = YES;
				CLANG_WARN_OBJC_ROOT_CLASS = YES_ERROR;
				CLANG_WARN_UNREACHABLE_CODE = YES;
				CLANG_WARN__DUPLICATE_METHOD_MATCH = YES;
				"CODE_SIGN_IDENTITY[sdk=iphoneos*]" = "iPhone Developer";
				COPY_PHASE_STRIP = YES;
				ENABLE_NS_ASSERTIONS = NO;
				ENABLE_STRICT_OBJC_MSGSEND = YES;
				GCC_C_LANGUAGE_STANDARD = gnu99;
				GCC_WARN_64_TO_32_BIT_CONVERSION = YES;
				GCC_WARN_ABOUT_RETURN_TYPE = YES_ERROR;
				GCC_WARN_UNDECLARED_SELECTOR = YES;
				GCC_WARN_UNINITIALIZED_AUTOS = YES_AGGRESSIVE;
				GCC_WARN_UNUSED_FUNCTION = YES;
				GCC_WARN_UNUSED_VARIABLE = YES;
				IPHONEOS_DEPLOYMENT_TARGET = 8.1;
				MTL_ENABLE_DEBUG_INFO = NO;
				SDKROOT = iphoneos;
				VALIDATE_PRODUCT = YES;
			};
			name = Release;
		};
		678048461A312954001E4DC7 /* Debug */ = {
			isa = XCBuildConfiguration;
			buildSettings = {
				ASSETCATALOG_COMPILER_APPICON_NAME = AppIcon;
				INFOPLIST_FILE = MessagingKit/Info.plist;
				IPHONEOS_DEPLOYMENT_TARGET = 7.0;
				LD_RUNPATH_SEARCH_PATHS = "$(inherited) @executable_path/Frameworks";
				PRODUCT_NAME = "$(TARGET_NAME)";
			};
			name = Debug;
		};
		678048471A312954001E4DC7 /* Release */ = {
			isa = XCBuildConfiguration;
			buildSettings = {
				ASSETCATALOG_COMPILER_APPICON_NAME = AppIcon;
				INFOPLIST_FILE = MessagingKit/Info.plist;
				IPHONEOS_DEPLOYMENT_TARGET = 7.0;
				LD_RUNPATH_SEARCH_PATHS = "$(inherited) @executable_path/Frameworks";
				PRODUCT_NAME = "$(TARGET_NAME)";
			};
			name = Release;
		};
		678048491A312954001E4DC7 /* Debug */ = {
			isa = XCBuildConfiguration;
			buildSettings = {
				BUNDLE_LOADER = "$(TEST_HOST)";
				FRAMEWORK_SEARCH_PATHS = (
					"$(SDKROOT)/Developer/Library/Frameworks",
					"$(inherited)",
				);
				GCC_PREPROCESSOR_DEFINITIONS = (
					"DEBUG=1",
					"$(inherited)",
				);
				INFOPLIST_FILE = MessagingKitTests/Info.plist;
				LD_RUNPATH_SEARCH_PATHS = "$(inherited) @executable_path/Frameworks @loader_path/Frameworks";
				PRODUCT_NAME = "$(TARGET_NAME)";
				TEST_HOST = "$(BUILT_PRODUCTS_DIR)/MessagingKit.app/MessagingKit";
			};
			name = Debug;
		};
		6780484A1A312954001E4DC7 /* Release */ = {
			isa = XCBuildConfiguration;
			buildSettings = {
				BUNDLE_LOADER = "$(TEST_HOST)";
				FRAMEWORK_SEARCH_PATHS = (
					"$(SDKROOT)/Developer/Library/Frameworks",
					"$(inherited)",
				);
				INFOPLIST_FILE = MessagingKitTests/Info.plist;
				LD_RUNPATH_SEARCH_PATHS = "$(inherited) @executable_path/Frameworks @loader_path/Frameworks";
				PRODUCT_NAME = "$(TARGET_NAME)";
				TEST_HOST = "$(BUILT_PRODUCTS_DIR)/MessagingKit.app/MessagingKit";
			};
			name = Release;
		};
/* End XCBuildConfiguration section */

/* Begin XCConfigurationList section */
		6780481D1A312954001E4DC7 /* Build configuration list for PBXProject "MessagingKit" */ = {
			isa = XCConfigurationList;
			buildConfigurations = (
				678048431A312954001E4DC7 /* Debug */,
				678048441A312954001E4DC7 /* Release */,
			);
			defaultConfigurationIsVisible = 0;
			defaultConfigurationName = Release;
		};
		678048451A312954001E4DC7 /* Build configuration list for PBXNativeTarget "MessagingKit" */ = {
			isa = XCConfigurationList;
			buildConfigurations = (
				678048461A312954001E4DC7 /* Debug */,
				678048471A312954001E4DC7 /* Release */,
			);
			defaultConfigurationIsVisible = 0;
			defaultConfigurationName = Release;
		};
		678048481A312954001E4DC7 /* Build configuration list for PBXNativeTarget "MessagingKitTests" */ = {
			isa = XCConfigurationList;
			buildConfigurations = (
				678048491A312954001E4DC7 /* Debug */,
				6780484A1A312954001E4DC7 /* Release */,
			);
			defaultConfigurationIsVisible = 0;
			defaultConfigurationName = Release;
		};
/* End XCConfigurationList section */
	};
	rootObject = 6780481A1A312954001E4DC7 /* Project object */;
}
